
Microsoft Visual Studio Solution File, Format Version 12.00
# Visual Studio 14
VisualStudioVersion = 14.0.24720.0
MinimumVisualStudioVersion = 10.0.40219.1
Project("{FAE04EC0-301F-11D3-BF4B-00C04F79EFBC}") = "jsiFindFile_net", "jsiFindFile_net\jsiFindFile_net.csproj", "{7F6FBB19-BD11-4835-88D2-BAE8D8B42864}"
EndProject
Project("{888888A0-9F3D-457C-B088-3A5042F75D52}") = "jsiFindFile_py", "jsiFindFile_py\jsiFindFile_py.pyproj", "{6D24F7DA-EFD7-4619-85E0-118771BC582F}"
EndProject
Global
	GlobalSection(SolutionConfigurationPlatforms) = preSolution
		Debug|Any CPU = Debug|Any CPU
		Release|Any CPU = Release|Any CPU
	EndGlobalSection
	GlobalSection(ProjectConfigurationPlatforms) = postSolution
		{7F6FBB19-BD11-4835-88D2-BAE8D8B42864}.Debug|Any CPU.ActiveCfg = Debug|Any CPU
		{7F6FBB19-BD11-4835-88D2-BAE8D8B42864}.Debug|Any CPU.Build.0 = Debug|Any CPU
		{7F6FBB19-BD11-4835-88D2-BAE8D8B42864}.Release|Any CPU.ActiveCfg = Release|Any CPU
		{7F6FBB19-BD11-4835-88D2-BAE8D8B42864}.Release|Any CPU.Build.0 = Release|Any CPU
		{6D24F7DA-EFD7-4619-85E0-118771BC582F}.Debug|Any CPU.ActiveCfg = Debug|Any CPU
		{6D24F7DA-EFD7-4619-85E0-118771BC582F}.Release|Any CPU.ActiveCfg = Release|Any CPU
	EndGlobalSection
	GlobalSection(SolutionProperties) = preSolution
		HideSolutionNode = FALSE
	EndGlobalSection
EndGlobal
